
Microsoft Visual Studio Solution File, Format Version 12.00
# Visual Studio Version 16
VisualStudioVersion = 16.0.31702.278
MinimumVisualStudioVersion = 10.0.40219.1
Project("{FAE04EC0-301F-11D3-BF4B-00C04F79EFBC}") = "Matrix_Caculator", "20110262_NguyenMinhChien\Matrix_Caculator.csproj", "{4B562B7B-166D-4E11-A0CB-D3388CA10538}"
EndProject
Global
	GlobalSection(SolutionConfigurationPlatforms) = preSolution
		Debug|Any CPU = Debug|Any CPU
		Release|Any CPU = Release|Any CPU
	EndGlobalSection
	GlobalSection(ProjectConfigurationPlatforms) = postSolution
		{4B562B7B-166D-4E11-A0CB-D3388CA10538}.Debug|Any CPU.ActiveCfg = Debug|Any CPU
		{4B562B7B-166D-4E11-A0CB-D3388CA10538}.Debug|Any CPU.Build.0 = Debug|Any CPU
		{4B562B7B-166D-4E11-A0CB-D3388CA10538}.Release|Any CPU.ActiveCfg = Release|Any CPU
		{4B562B7B-166D-4E11-A0CB-D3388CA10538}.Release|Any CPU.Build.0 = Release|Any CPU
	EndGlobalSection
	GlobalSection(SolutionProperties) = preSolution
		HideSolutionNode = FALSE
	EndGlobalSection
	GlobalSection(ExtensibilityGlobals) = postSolution
		SolutionGuid = {E5BF1B26-D717-4AA0-9B2A-601BC8013221}
	EndGlobalSection
EndGlobal
